
Microsoft Visual Studio Solution File, Format Version 12.00
# Visual Studio Version 17
VisualStudioVersion = 17.4.33205.214
MinimumVisualStudioVersion = 10.0.40219.1
Project("{9A19103F-16F7-4668-BE54-9A1E7A4F7556}") = "DevIO.Business", "src\DevIO.Business\DevIO.Business.csproj", "{F3FC67F2-07FE-431F-B44F-23C6EE7AF120}"
EndProject
Project("{9A19103F-16F7-4668-BE54-9A1E7A4F7556}") = "DevIO.Data", "src\DevIO.Data\DevIO.Data.csproj", "{EFCF43D5-39E8-4C9C-9BBC-133FACA23814}"
EndProject
Project("{FAE04EC0-301F-11D3-BF4B-00C04F79EFBC}") = "DevIO.Api", "src\DevIO.Api\DevIO.Api.csproj", "{9E37438E-8E85-422F-B533-057EF0AB663C}"
EndProject
Global
	GlobalSection(SolutionConfigurationPlatforms) = preSolution
		Debug|Any CPU = Debug|Any CPU
		Release|Any CPU = Release|Any CPU
	EndGlobalSection
	GlobalSection(ProjectConfigurationPlatforms) = postSolution
		{F3FC67F2-07FE-431F-B44F-23C6EE7AF120}.Debug|Any CPU.ActiveCfg = Debug|Any CPU
		{F3FC67F2-07FE-431F-B44F-23C6EE7AF120}.Debug|Any CPU.Build.0 = Debug|Any CPU
		{F3FC67F2-07FE-431F-B44F-23C6EE7AF120}.Release|Any CPU.ActiveCfg = Release|Any CPU
		{F3FC67F2-07FE-431F-B44F-23C6EE7AF120}.Release|Any CPU.Build.0 = Release|Any CPU
		{EFCF43D5-39E8-4C9C-9BBC-133FACA23814}.Debug|Any CPU.ActiveCfg = Debug|Any CPU
		{EFCF43D5-39E8-4C9C-9BBC-133FACA23814}.Debug|Any CPU.Build.0 = Debug|Any CPU
		{EFCF43D5-39E8-4C9C-9BBC-133FACA23814}.Release|Any CPU.ActiveCfg = Release|Any CPU
		{EFCF43D5-39E8-4C9C-9BBC-133FACA23814}.Release|Any CPU.Build.0 = Release|Any CPU
		{9E37438E-8E85-422F-B533-057EF0AB663C}.Debug|Any CPU.ActiveCfg = Debug|Any CPU
		{9E37438E-8E85-422F-B533-057EF0AB663C}.Debug|Any CPU.Build.0 = Debug|Any CPU
		{9E37438E-8E85-422F-B533-057EF0AB663C}.Release|Any CPU.ActiveCfg = Release|Any CPU
		{9E37438E-8E85-422F-B533-057EF0AB663C}.Release|Any CPU.Build.0 = Release|Any CPU
	EndGlobalSection
	GlobalSection(SolutionProperties) = preSolution
		HideSolutionNode = FALSE
	EndGlobalSection
	GlobalSection(ExtensibilityGlobals) = postSolution
		SolutionGuid = {D79D65DF-977F-40C4-B6A6-799E6A43E638}
	EndGlobalSection
EndGlobal
